
Microsoft Visual Studio Solution File, Format Version 12.00
# Visual Studio Version 17
VisualStudioVersion = 17.14.37216.2 d17.14
MinimumVisualStudioVersion = 10.0.40219.1
Project("{FAE04EC0-301F-11D3-BF4B-00C04F79EFBC}") = "All-Baby-Essentials", "All-Baby-Essentials\All-Baby-Essentials.csproj", "{91E7DA47-9CE5-435A-B3AF-DF68921EC28B}"
EndProject
Global
	GlobalSection(SolutionConfigurationPlatforms) = preSolution
		Debug|Any CPU = Debug|Any CPU
		Release|Any CPU = Release|Any CPU
	EndGlobalSection
	GlobalSection(ProjectConfigurationPlatforms) = postSolution
		{91E7DA47-9CE5-435A-B3AF-DF68921EC28B}.Debug|Any CPU.ActiveCfg = Debug|Any CPU
		{91E7DA47-9CE5-435A-B3AF-DF68921EC28B}.Debug|Any CPU.Build.0 = Debug|Any CPU
		{91E7DA47-9CE5-435A-B3AF-DF68921EC28B}.Release|Any CPU.ActiveCfg = Release|Any CPU
		{91E7DA47-9CE5-435A-B3AF-DF68921EC28B}.Release|Any CPU.Build.0 = Release|Any CPU
	EndGlobalSection
	GlobalSection(SolutionProperties) = preSolution
		HideSolutionNode = FALSE
	EndGlobalSection
	GlobalSection(ExtensibilityGlobals) = postSolution
		SolutionGuid = {AF3E6CC0-BADD-4647-B086-0BC96A58A213}
	EndGlobalSection
EndGlobal
